// !$*UTF8*$!
{
	archiveVersion = 1;
	classes = {
	};
	objectVersion = 50;
	objects = {

/* Begin PBXBuildFile section */
		3F70157124047F5700D21493 /* PlansDetailTableViewController.swift in Sources */ = {isa = PBXBuildFile; fileRef = 3F70157024047F5700D21493 /* PlansDetailTableViewController.swift */; };
		521F9D8D240375F400806B38 /* ExcersiceTableViewController.swift in Sources */ = {isa = PBXBuildFile; fileRef = 521F9D8C240375F400806B38 /* ExcersiceTableViewController.swift */; };
		521F9D97240379AD00806B38 /* icons8-ios-filled-excercise-small.png in Resources */ = {isa = PBXBuildFile; fileRef = 521F9D96240379AD00806B38 /* icons8-ios-filled-excercise-small.png */; };
		521F9D9924037A1F00806B38 /* HomeViewController.swift in Sources */ = {isa = PBXBuildFile; fileRef = 521F9D9824037A1F00806B38 /* HomeViewController.swift */; };
		521F9D9B24037AC500806B38 /* icons8-trophy-36.png in Resources */ = {isa = PBXBuildFile; fileRef = 521F9D9A24037AC500806B38 /* icons8-trophy-36.png */; };
		521F9D9D24037AF000806B38 /* icons8-dumbbell-36.png in Resources */ = {isa = PBXBuildFile; fileRef = 521F9D9C24037AF000806B38 /* icons8-dumbbell-36.png */; };
		521F9D9F24037B1000806B38 /* icons8-ios-filled-36.png in Resources */ = {isa = PBXBuildFile; fileRef = 521F9D9E24037B0F00806B38 /* icons8-ios-filled-36.png */; };
		521F9DA324037C1F00806B38 /* RecordsTableViewController.swift in Sources */ = {isa = PBXBuildFile; fileRef = 521F9DA224037C1F00806B38 /* RecordsTableViewController.swift */; };
		521F9DA524037D5900806B38 /* PlansTableViewController.swift in Sources */ = {isa = PBXBuildFile; fileRef = 521F9DA424037D5900806B38 /* PlansTableViewController.swift */; };
		521F9DD02405D82100806B38 /* ExcerciseDetailViewController.swift in Sources */ = {isa = PBXBuildFile; fileRef = 521F9DCF2405D82100806B38 /* ExcerciseDetailViewController.swift */; };
		521F9DD22407373800806B38 /* Excersice.swift in Sources */ = {isa = PBXBuildFile; fileRef = 521F9DD12407373800806B38 /* Excersice.swift */; };
		B0EBAED823FEE41200AB2590 /* AppDelegate.swift in Sources */ = {isa = PBXBuildFile; fileRef = B0EBAED723FEE41200AB2590 /* AppDelegate.swift */; };
		B0EBAEDA23FEE41200AB2590 /* SceneDelegate.swift in Sources */ = {isa = PBXBuildFile; fileRef = B0EBAED923FEE41200AB2590 /* SceneDelegate.swift */; };
		B0EBAEE123FEE41200AB2590 /* Main.storyboard in Resources */ = {isa = PBXBuildFile; fileRef = B0EBAEDF23FEE41200AB2590 /* Main.storyboard */; };
		B0EBAEE323FEE41300AB2590 /* Assets.xcassets in Resources */ = {isa = PBXBuildFile; fileRef = B0EBAEE223FEE41300AB2590 /* Assets.xcassets */; };
		B0EBAEE623FEE41300AB2590 /* LaunchScreen.storyboard in Resources */ = {isa = PBXBuildFile; fileRef = B0EBAEE423FEE41300AB2590 /* LaunchScreen.storyboard */; };
/* End PBXBuildFile section */

/* Begin PBXFileReference section */
		3F70157024047F5700D21493 /* PlansDetailTableViewController.swift */ = {isa = PBXFileReference; lastKnownFileType = sourcecode.swift; path = PlansDetailTableViewController.swift; sourceTree = "<group>"; };
		521F9D8C240375F400806B38 /* ExcersiceTableViewController.swift */ = {isa = PBXFileReference; lastKnownFileType = sourcecode.swift; path = ExcersiceTableViewController.swift; sourceTree = "<group>"; };
		521F9D96240379AD00806B38 /* icons8-ios-filled-excercise-small.png */ = {isa = PBXFileReference; lastKnownFileType = image.png; path = "icons8-ios-filled-excercise-small.png"; sourceTree = "<group>"; };
		521F9D9824037A1F00806B38 /* HomeViewController.swift */ = {isa = PBXFileReference; lastKnownFileType = sourcecode.swift; path = HomeViewController.swift; sourceTree = "<group>"; };
		521F9D9A24037AC500806B38 /* icons8-trophy-36.png */ = {isa = PBXFileReference; lastKnownFileType = image.png; path = "icons8-trophy-36.png"; sourceTree = "<group>"; };
		521F9D9C24037AF000806B38 /* icons8-dumbbell-36.png */ = {isa = PBXFileReference; lastKnownFileType = image.png; path = "icons8-dumbbell-36.png"; sourceTree = "<group>"; };
		521F9D9E24037B0F00806B38 /* icons8-ios-filled-36.png */ = {isa = PBXFileReference; lastKnownFileType = image.png; path = "icons8-ios-filled-36.png"; sourceTree = "<group>"; };
		521F9DA224037C1F00806B38 /* RecordsTableViewController.swift */ = {isa = PBXFileReference; lastKnownFileType = sourcecode.swift; path = RecordsTableViewController.swift; sourceTree = "<group>"; };
		521F9DA424037D5900806B38 /* PlansTableViewController.swift */ = {isa = PBXFileReference; lastKnownFileType = sourcecode.swift; path = PlansTableViewController.swift; sourceTree = "<group>"; };
		521F9DCF2405D82100806B38 /* ExcerciseDetailViewController.swift */ = {isa = PBXFileReference; lastKnownFileType = sourcecode.swift; path = ExcerciseDetailViewController.swift; sourceTree = "<group>"; };
		521F9DD12407373800806B38 /* Excersice.swift */ = {isa = PBXFileReference; lastKnownFileType = sourcecode.swift; path = Excersice.swift; sourceTree = "<group>"; };
		B0EBAED423FEE41200AB2590 /* Beefing Bearcats.app */ = {isa = PBXFileReference; explicitFileType = wrapper.application; includeInIndex = 0; path = "Beefing Bearcats.app"; sourceTree = BUILT_PRODUCTS_DIR; };
		B0EBAED723FEE41200AB2590 /* AppDelegate.swift */ = {isa = PBXFileReference; lastKnownFileType = sourcecode.swift; path = AppDelegate.swift; sourceTree = "<group>"; };
		B0EBAED923FEE41200AB2590 /* SceneDelegate.swift */ = {isa = PBXFileReference; lastKnownFileType = sourcecode.swift; path = SceneDelegate.swift; sourceTree = "<group>"; };
		B0EBAEE023FEE41200AB2590 /* Base */ = {isa = PBXFileReference; lastKnownFileType = file.storyboard; name = Base; path = Base.lproj/Main.storyboard; sourceTree = "<group>"; };
		B0EBAEE223FEE41300AB2590 /* Assets.xcassets */ = {isa = PBXFileReference; lastKnownFileType = folder.assetcatalog; path = Assets.xcassets; sourceTree = "<group>"; };
		B0EBAEE523FEE41300AB2590 /* Base */ = {isa = PBXFileReference; lastKnownFileType = file.storyboard; name = Base; path = Base.lproj/LaunchScreen.storyboard; sourceTree = "<group>"; };
		B0EBAEE723FEE41300AB2590 /* Info.plist */ = {isa = PBXFileReference; lastKnownFileType = text.plist.xml; path = Info.plist; sourceTree = "<group>"; };
/* End PBXFileReference section */

/* Begin PBXFrameworksBuildPhase section */
		B0EBAED123FEE41200AB2590 /* Frameworks */ = {
			isa = PBXFrameworksBuildPhase;
			buildActionMask = 2147483647;
			files = (
			);
			runOnlyForDeploymentPostprocessing = 0;
		};
/* End PBXFrameworksBuildPhase section */

/* Begin PBXGroup section */
		521F9DA624037E1F00806B38 /* viewcontrollers */ = {
			isa = PBXGroup;
			children = (
				521F9DCF2405D82100806B38 /* ExcerciseDetailViewController.swift */,
				521F9D9824037A1F00806B38 /* HomeViewController.swift */,
				521F9D8C240375F400806B38 /* ExcersiceTableViewController.swift */,
				521F9DD12407373800806B38 /* Excersice.swift */,
				521F9DA424037D5900806B38 /* PlansTableViewController.swift */,
				521F9DA224037C1F00806B38 /* RecordsTableViewController.swift */,
			);
			path = viewcontrollers;
			sourceTree = "<group>";
		};
		B07624632405790C005AD52A /* Icons */ = {
			isa = PBXGroup;
			children = (
				521F9D9C24037AF000806B38 /* icons8-dumbbell-36.png */,
				521F9D9E24037B0F00806B38 /* icons8-ios-filled-36.png */,
				521F9D96240379AD00806B38 /* icons8-ios-filled-excercise-small.png */,
				521F9D9A24037AC500806B38 /* icons8-trophy-36.png */,
			);
			path = Icons;
			sourceTree = "<group>";
		};
		B0EBAECB23FEE41200AB2590 = {
			isa = PBXGroup;
			children = (
				B0EBAED623FEE41200AB2590 /* Beefing Bearcats */,
				B0EBAED523FEE41200AB2590 /* Products */,
			);
			sourceTree = "<group>";
		};
		B0EBAED523FEE41200AB2590 /* Products */ = {
			isa = PBXGroup;
			children = (
				B0EBAED423FEE41200AB2590 /* Beefing Bearcats.app */,
			);
			name = Products;
			sourceTree = "<group>";
		};
		B0EBAED623FEE41200AB2590 /* Beefing Bearcats */ = {
			isa = PBXGroup;
			children = (
				521F9DA624037E1F00806B38 /* viewcontrollers */,
				B07624632405790C005AD52A /* Icons */,
				B0EBAED723FEE41200AB2590 /* AppDelegate.swift */,
				3F70157024047F5700D21493 /* PlansDetailTableViewController.swift */,
				B0EBAED923FEE41200AB2590 /* SceneDelegate.swift */,
				B0EBAEDF23FEE41200AB2590 /* Main.storyboard */,
				B0EBAEE223FEE41300AB2590 /* Assets.xcassets */,
				B0EBAEE423FEE41300AB2590 /* LaunchScreen.storyboard */,
				B0EBAEE723FEE41300AB2590 /* Info.plist */,
			);
			path = "Beefing Bearcats";
			sourceTree = "<group>";
		};
/* End PBXGroup section */

/* Begin PBXNativeTarget section */
		B0EBAED323FEE41200AB2590 /* Beefing Bearcats */ = {
			isa = PBXNativeTarget;
			buildConfigurationList = B0EBAEEA23FEE41300AB2590 /* Build configuration list for PBXNativeTarget "Beefing Bearcats" */;
			buildPhases = (
				B0EBAED023FEE41200AB2590 /* Sources */,
				B0EBAED123FEE41200AB2590 /* Frameworks */,
				B0EBAED223FEE41200AB2590 /* Resources */,
			);
			buildRules = (
			);
			dependencies = (
			);
			name = "Beefing Bearcats";
			productName = "Beefing Bearcats";
			productReference = B0EBAED423FEE41200AB2590 /* Beefing Bearcats.app */;
			productType = "com.apple.product-type.application";
		};
/* End PBXNativeTarget section */

/* Begin PBXProject section */
		B0EBAECC23FEE41200AB2590 /* Project object */ = {
			isa = PBXProject;
			attributes = {
				LastSwiftUpdateCheck = 1130;
				LastUpgradeCheck = 1130;
				ORGANIZATIONNAME = "Finnerty,Caroline A";
				TargetAttributes = {
					B0EBAED323FEE41200AB2590 = {
						CreatedOnToolsVersion = 11.3;
					};
				};
			};
			buildConfigurationList = B0EBAECF23FEE41200AB2590 /* Build configuration list for PBXProject "Beefing Bearcats" */;
			compatibilityVersion = "Xcode 9.3";
			developmentRegion = en;
			hasScannedForEncodings = 0;
			knownRegions = (
				en,
				Base,
			);
			mainGroup = B0EBAECB23FEE41200AB2590;
			productRefGroup = B0EBAED523FEE41200AB2590 /* Products */;
			projectDirPath = "";
			projectRoot = "";
			targets = (
				B0EBAED323FEE41200AB2590 /* Beefing Bearcats */,
			);
		};
/* End PBXProject section */

/* Begin PBXResourcesBuildPhase section */
		B0EBAED223FEE41200AB2590 /* Resources */ = {
			isa = PBXResourcesBuildPhase;
			buildActionMask = 2147483647;
			files = (
				521F9D9D24037AF000806B38 /* icons8-dumbbell-36.png in Resources */,
				B0EBAEE623FEE41300AB2590 /* LaunchScreen.storyboard in Resources */,
				B0EBAEE323FEE41300AB2590 /* Assets.xcassets in Resources */,
				B0EBAEE123FEE41200AB2590 /* Main.storyboard in Resources */,
				521F9D9B24037AC500806B38 /* icons8-trophy-36.png in Resources */,
				521F9D97240379AD00806B38 /* icons8-ios-filled-excercise-small.png in Resources */,
				521F9D9F24037B1000806B38 /* icons8-ios-filled-36.png in Resources */,
			);
			runOnlyForDeploymentPostprocessing = 0;
		};
/* End PBXResourcesBuildPhase section */

/* Begin PBXSourcesBuildPhase section */
		B0EBAED023FEE41200AB2590 /* Sources */ = {
			isa = PBXSourcesBuildPhase;
			buildActionMask = 2147483647;
			files = (
				B0EBAED823FEE41200AB2590 /* AppDelegate.swift in Sources */,
				B0EBAEDA23FEE41200AB2590 /* SceneDelegate.swift in Sources */,
				521F9D8D240375F400806B38 /* ExcersiceTableViewController.swift in Sources */,
				521F9DD02405D82100806B38 /* ExcerciseDetailViewController.swift in Sources */,
				521F9D9924037A1F00806B38 /* HomeViewController.swift in Sources */,
				521F9DD22407373800806B38 /* Excersice.swift in Sources */,
				3F70157124047F5700D21493 /* PlansDetailTableViewController.swift in Sources */,
				521F9DA524037D5900806B38 /* PlansTableViewController.swift in Sources */,
				521F9DA324037C1F00806B38 /* RecordsTableViewController.swift in Sources */,
			);
			runOnlyForDeploymentPostprocessing = 0;
		};
/* End PBXSourcesBuildPhase section */

/* Begin PBXVariantGroup section */
		B0EBAEDF23FEE41200AB2590 /* Main.storyboard */ = {
			isa = PBXVariantGroup;
			children = (
				B0EBAEE023FEE41200AB2590 /* Base */,
			);
			name = Main.storyboard;
			sourceTree = "<group>";
		};
		B0EBAEE423FEE41300AB2590 /* LaunchScreen.storyboard */ = {
			isa = PBXVariantGroup;
			children = (
				B0EBAEE523FEE41300AB2590 /* Base */,
			);
			name = LaunchScreen.storyboard;
			sourceTree = "<group>";
		};
/* End PBXVariantGroup section */

/* Begin XCBuildConfiguration section */
		B0EBAEE823FEE41300AB2590 /* Debug */ = {
			isa = XCBuildConfiguration;
			buildSettings = {
				ALWAYS_SEARCH_USER_PATHS = NO;
				CLANG_ANALYZER_NONNULL = YES;
				CLANG_ANALYZER_NUMBER_OBJECT_CONVERSION = YES_AGGRESSIVE;
				CLANG_CXX_LANGUAGE_STANDARD = "gnu++14";
				CLANG_CXX_LIBRARY = "libc++";
				CLANG_ENABLE_MODULES = YES;
				CLANG_ENABLE_OBJC_ARC = YES;
				CLANG_ENABLE_OBJC_WEAK = YES;
				CLANG_WARN_BLOCK_CAPTURE_AUTORELEASING = YES;
				CLANG_WARN_BOOL_CONVERSION = YES;
				CLANG_WARN_COMMA = YES;
				CLANG_WARN_CONSTANT_CONVERSION = YES;
				CLANG_WARN_DEPRECATED_OBJC_IMPLEMENTATIONS = YES;
				CLANG_WARN_DIRECT_OBJC_ISA_USAGE = YES_ERROR;
				CLANG_WARN_DOCUMENTATION_COMMENTS = YES;
				CLANG_WARN_EMPTY_BODY = YES;
				CLANG_WARN_ENUM_CONVERSION = YES;
				CLANG_WARN_INFINITE_RECURSION = YES;
				CLANG_WARN_INT_CONVERSION = YES;
				CLANG_WARN_NON_LITERAL_NULL_CONVERSION = YES;
				CLANG_WARN_OBJC_IMPLICIT_RETAIN_SELF = YES;
				CLANG_WARN_OBJC_LITERAL_CONVERSION = YES;
				CLANG_WARN_OBJC_ROOT_CLASS = YES_ERROR;
				CLANG_WARN_RANGE_LOOP_ANALYSIS = YES;
				CLANG_WARN_STRICT_PROTOTYPES = YES;
				CLANG_WARN_SUSPICIOUS_MOVE = YES;
				CLANG_WARN_UNGUARDED_AVAILABILITY = YES_AGGRESSIVE;
				CLANG_WARN_UNREACHABLE_CODE = YES;
				CLANG_WARN__DUPLICATE_METHOD_MATCH = YES;
				COPY_PHASE_STRIP = NO;
				DEBUG_INFORMATION_FORMAT = dwarf;
				ENABLE_STRICT_OBJC_MSGSEND = YES;
				ENABLE_TESTABILITY = YES;
				GCC_C_LANGUAGE_STANDARD = gnu11;
				GCC_DYNAMIC_NO_PIC = NO;
				GCC_NO_COMMON_BLOCKS = YES;
				GCC_OPTIMIZATION_LEVEL = 0;
				GCC_PREPROCESSOR_DEFINITIONS = (
					"DEBUG=1",
					"$(inherited)",
				);
				GCC_WARN_64_TO_32_BIT_CONVERSION = YES;
				GCC_WARN_ABOUT_RETURN_TYPE = YES_ERROR;
				GCC_WARN_UNDECLARED_SELECTOR = YES;
				GCC_WARN_UNINITIALIZED_AUTOS = YES_AGGRESSIVE;
				GCC_WARN_UNUSED_FUNCTION = YES;
				GCC_WARN_UNUSED_VARIABLE = YES;
				IPHONEOS_DEPLOYMENT_TARGET = 13.2;
				MTL_ENABLE_DEBUG_INFO = INCLUDE_SOURCE;
				MTL_FAST_MATH = YES;
				ONLY_ACTIVE_ARCH = YES;
				SDKROOT = iphoneos;
				SWIFT_ACTIVE_COMPILATION_CONDITIONS = DEBUG;
				SWIFT_OPTIMIZATION_LEVEL = "-Onone";
			};
			name = Debug;
		};
		B0EBAEE923FEE41300AB2590 /* Release */ = {
			isa = XCBuildConfiguration;
			buildSettings = {
				ALWAYS_SEARCH_USER_PATHS = NO;
				CLANG_ANALYZER_NONNULL = YES;
				CLANG_ANALYZER_NUMBER_OBJECT_CONVERSION = YES_AGGRESSIVE;
				CLANG_CXX_LANGUAGE_STANDARD = "gnu++14";
				CLANG_CXX_LIBRARY = "libc++";
				CLANG_ENABLE_MODULES = YES;
				CLANG_ENABLE_OBJC_ARC = YES;
				CLANG_ENABLE_OBJC_WEAK = YES;
				CLANG_WARN_BLOCK_CAPTURE_AUTORELEASING = YES;
				CLANG_WARN_BOOL_CONVERSION = YES;
				CLANG_WARN_COMMA = YES;
				CLANG_WARN_CONSTANT_CONVERSION = YES;
				CLANG_WARN_DEPRECATED_OBJC_IMPLEMENTATIONS = YES;
				CLANG_WARN_DIRECT_OBJC_ISA_USAGE = YES_ERROR;
				CLANG_WARN_DOCUMENTATION_COMMENTS = YES;
				CLANG_WARN_EMPTY_BODY = YES;
				CLANG_WARN_ENUM_CONVERSION = YES;
				CLANG_WARN_INFINITE_RECURSION = YES;
				CLANG_WARN_INT_CONVERSION = YES;
				CLANG_WARN_NON_LITERAL_NULL_CONVERSION = YES;
				CLANG_WARN_OBJC_IMPLICIT_RETAIN_SELF = YES;
				CLANG_WARN_OBJC_LITERAL_CONVERSION = YES;
				CLANG_WARN_OBJC_ROOT_CLASS = YES_ERROR;
				CLANG_WARN_RANGE_LOOP_ANALYSIS = YES;
				CLANG_WARN_STRICT_PROTOTYPES = YES;
				CLANG_WARN_SUSPICIOUS_MOVE = YES;
				CLANG_WARN_UNGUARDED_AVAILABILITY = YES_AGGRESSIVE;
				CLANG_WARN_UNREACHABLE_CODE = YES;
				CLANG_WARN__DUPLICATE_METHOD_MATCH = YES;
				COPY_PHASE_STRIP = NO;
				DEBUG_INFORMATION_FORMAT = "dwarf-with-dsym";
				ENABLE_NS_ASSERTIONS = NO;
				ENABLE_STRICT_OBJC_MSGSEND = YES;
				GCC_C_LANGUAGE_STANDARD = gnu11;
				GCC_NO_COMMON_BLOCKS = YES;
				GCC_WARN_64_TO_32_BIT_CONVERSION = YES;
				GCC_WARN_ABOUT_RETURN_TYPE = YES_ERROR;
				GCC_WARN_UNDECLARED_SELECTOR = YES;
				GCC_WARN_UNINITIALIZED_AUTOS = YES_AGGRESSIVE;
				GCC_WARN_UNUSED_FUNCTION = YES;
				GCC_WARN_UNUSED_VARIABLE = YES;
				IPHONEOS_DEPLOYMENT_TARGET = 13.2;
				MTL_ENABLE_DEBUG_INFO = NO;
				MTL_FAST_MATH = YES;
				SDKROOT = iphoneos;
				SWIFT_COMPILATION_MODE = wholemodule;
				SWIFT_OPTIMIZATION_LEVEL = "-O";
				VALIDATE_PRODUCT = YES;
			};
			name = Release;
		};
		B0EBAEEB23FEE41300AB2590 /* Debug */ = {
			isa = XCBuildConfiguration;
			buildSettings = {
				ASSETCATALOG_COMPILER_APPICON_NAME = AppIcon;
				CODE_SIGN_STYLE = Automatic;
				INFOPLIST_FILE = "Beefing Bearcats/Info.plist";
				LD_RUNPATH_SEARCH_PATHS = (
					"$(inherited)",
					"@executable_path/Frameworks",
				);
				PRODUCT_BUNDLE_IDENTIFIER = "edu.nwmissouri.Beefing-Bearcats";
				PRODUCT_NAME = "$(TARGET_NAME)";
				SWIFT_VERSION = 5.0;
				TARGETED_DEVICE_FAMILY = "1,2";
			};
			name = Debug;
		};
		B0EBAEEC23FEE41300AB2590 /* Release */ = {
			isa = XCBuildConfiguration;
			buildSettings = {
				ASSETCATALOG_COMPILER_APPICON_NAME = AppIcon;
				CODE_SIGN_STYLE = Automatic;
				INFOPLIST_FILE = "Beefing Bearcats/Info.plist";
				LD_RUNPATH_SEARCH_PATHS = (
					"$(inherited)",
					"@executable_path/Frameworks",
				);
				PRODUCT_BUNDLE_IDENTIFIER = "edu.nwmissouri.Beefing-Bearcats";
				PRODUCT_NAME = "$(TARGET_NAME)";
				SWIFT_VERSION = 5.0;
				TARGETED_DEVICE_FAMILY = "1,2";
			};
			name = Release;
		};
/* End XCBuildConfiguration section */

/* Begin XCConfigurationList section */
		B0EBAECF23FEE41200AB2590 /* Build configuration list for PBXProject "Beefing Bearcats" */ = {
			isa = XCConfigurationList;
			buildConfigurations = (
				B0EBAEE823FEE41300AB2590 /* Debug */,
				B0EBAEE923FEE41300AB2590 /* Release */,
			);
			defaultConfigurationIsVisible = 0;
			defaultConfigurationName = Release;
		};
		B0EBAEEA23FEE41300AB2590 /* Build configuration list for PBXNativeTarget "Beefing Bearcats" */ = {
			isa = XCConfigurationList;
			buildConfigurations = (
				B0EBAEEB23FEE41300AB2590 /* Debug */,
				B0EBAEEC23FEE41300AB2590 /* Release */,
			);
			defaultConfigurationIsVisible = 0;
			defaultConfigurationName = Release;
		};
/* End XCConfigurationList section */
	};
	rootObject = B0EBAECC23FEE41200AB2590 /* Project object */;
}
